{
  "name": "vut-lucky",
  "version": "1.0.6",
  "lockfileVersion": 2,
  "requires": true,
  "packages": {
    "": {
      "name": "vut-lucky",
      "version": "1.0.6",
      "license": "MIT",
      "dependencies": {
        "vitepress-theme-demoblock": "^1.4.2",
        "vue": "^3.2.37"
      },
      "devDependencies": {
        "@types/node": "^18.6.3",
        "@vitejs/plugin-vue": "^3.0.0",
        "@vitejs/plugin-vue-jsx": "^2.0.0",
        "@vue/test-utils": "^2.0.2",
        "c8": "^7.11.3",
        "jsdom": "^20.0.0",
        "sass": "^1.53.0",
        "typescript": "^4.6.4",
        "vite": "^3.0.0",
        "vite-svg-loader": "^3.4.0",
        "vitepress": "1.0.0-alpha.4",
        "vitest": "^0.18.1",
        "vue-tsc": "^0.38.4"
      }
    },
    "../../node_modules/.pnpm/@types+node@18.6.3/node_modules/@types/node": {
      "version": "18.6.3",
      "extraneous": true,
      "license": "MIT"
    },
    "../../node_modules/.pnpm/@vitejs+plugin-vue-jsx@2.0.0_vite@3.0.4+vue@3.2.37/node_modules/@vitejs/plugin-vue-jsx": {
      "version": "2.0.0",
      "dev": true,
      "license": "MIT",
      "dependencies": {
        "@babel/core": "^7.18.6",
        "@babel/plugin-syntax-import-meta": "^7.10.4",
        "@babel/plugin-transform-typescript": "^7.18.8",
        "@vue/babel-plugin-jsx": "^1.1.1"
      },
      "devDependencies": {
        "vite": "workspace:*"
      },
      "engines": {
        "node": ">=14.18.0"
      },
      "peerDependencies": {
        "vite": "^3.0.0",
        "vue": "^3.0.0"
      }
    },
    "../../node_modules/.pnpm/@vitejs+plugin-vue@3.0.1_vite@3.0.4+vue@3.2.37/node_modules/@vitejs/plugin-vue": {
      "version": "3.0.1",
      "dev": true,
      "license": "MIT",
      "devDependencies": {
        "@jridgewell/gen-mapping": "^0.3.2",
        "@jridgewell/trace-mapping": "^0.3.14",
        "debug": "^4.3.4",
        "rollup": "^2.75.6",
        "slash": "^4.0.0",
        "source-map": "^0.6.1",
        "vite": "workspace:*",
        "vue": "^3.2.37"
      },
      "engines": {
        "node": "^14.18.0 || >=16.0.0"
      },
      "peerDependencies": {
        "vite": "^3.0.0",
        "vue": "^3.2.25"
      }
    },
    "../../node_modules/.pnpm/@vue+test-utils@2.0.2_vue@3.2.37/node_modules/@vue/test-utils": {
      "version": "2.0.2",
      "dev": true,
      "license": "MIT",
      "devDependencies": {
        "@babel/core": "7.18.6",
        "@babel/preset-env": "7.18.6",
        "@babel/types": "7.18.6",
        "@rollup/plugin-commonjs": "^22.0.1",
        "@rollup/plugin-json": "^4.1.0",
        "@rollup/plugin-node-resolve": "^13.3.0",
        "@rollup/plugin-replace": "^4.0.0",
        "@types/jest": "27.5.0",
        "@types/node": "18.0.0",
        "@types/pretty": "^2.0.1",
        "@typescript-eslint/eslint-plugin": "^5.30.3",
        "@typescript-eslint/parser": "^5.30.3",
        "@vue/babel-plugin-jsx": "^1.1.1",
        "@vue/compat": "3.2.37",
        "@vue/compiler-dom": "3.2.37",
        "@vue/compiler-sfc": "3.2.37",
        "@vue/vue3-jest": "27.0.0-alpha.4",
        "babel-jest": "27.5.1",
        "babel-preset-jest": "28.1.1",
        "eslint": "^8.18.0",
        "eslint-config-prettier": "^8.5.0",
        "eslint-plugin-prettier": "4.2.1",
        "husky": "^8.0.1",
        "jest": "27.5.1",
        "jsdom": "^20.0.0",
        "jsdom-global": "^3.0.2",
        "lint-staged": "^13.0.3",
        "prettier": "^2.7.1",
        "pretty": "^2.0.0",
        "reflect-metadata": "^0.1.13",
        "rollup": "^2.75.7",
        "rollup-plugin-typescript2": "^0.32.1",
        "ts-jest": "27.1.5",
        "tslib": "2.4.0",
        "typescript": "4.7.4",
        "vitepress": "^0.22.4",
        "vue": "3.2.37",
        "vue-class-component": "^8.0.0-rc.1",
        "vue-jest": "^5.0.0-alpha.10",
        "vue-router": "^4.0.16",
        "vue-tsc": "0.38.2",
        "vuex": "^4.0.2"
      },
      "peerDependencies": {
        "vue": "^3.0.1"
      }
    },
    "../../node_modules/.pnpm/c8@7.12.0/node_modules/c8": {
      "version": "7.12.0",
      "dev": true,
      "license": "ISC",
      "dependencies": {
        "@bcoe/v8-coverage": "^0.2.3",
        "@istanbuljs/schema": "^0.1.3",
        "find-up": "^5.0.0",
        "foreground-child": "^2.0.0",
        "istanbul-lib-coverage": "^3.2.0",
        "istanbul-lib-report": "^3.0.0",
        "istanbul-reports": "^3.1.4",
        "rimraf": "^3.0.2",
        "test-exclude": "^6.0.0",
        "v8-to-istanbul": "^9.0.0",
        "yargs": "^16.2.0",
        "yargs-parser": "^20.2.9"
      },
      "bin": {
        "c8": "bin/c8.js"
      },
      "devDependencies": {
        "@types/node": "^17.0.23",
        "chai": "^4.3.6",
        "chai-jest-snapshot": "^2.0.0",
        "cross-env": "^7.0.3",
        "mocha": "^9.2.2",
        "standard": "^16.0.4",
        "ts-node": "^10.7.0",
        "typescript": "^4.6.2"
      },
      "engines": {
        "node": ">=10.12.0"
      }
    },
    "../../node_modules/.pnpm/jsdom@20.0.0/node_modules/jsdom": {
      "version": "20.0.0",
      "dev": true,
      "license": "MIT",
      "dependencies": {
        "abab": "^2.0.6",
        "acorn": "^8.7.1",
        "acorn-globals": "^6.0.0",
        "cssom": "^0.5.0",
        "cssstyle": "^2.3.0",
        "data-urls": "^3.0.2",
        "decimal.js": "^10.3.1",
        "domexception": "^4.0.0",
        "escodegen": "^2.0.0",
        "form-data": "^4.0.0",
        "html-encoding-sniffer": "^3.0.0",
        "http-proxy-agent": "^5.0.0",
        "https-proxy-agent": "^5.0.1",
        "is-potential-custom-element-name": "^1.0.1",
        "nwsapi": "^2.2.0",
        "parse5": "^7.0.0",
        "saxes": "^6.0.0",
        "symbol-tree": "^3.2.4",
        "tough-cookie": "^4.0.0",
        "w3c-hr-time": "^1.0.2",
        "w3c-xmlserializer": "^3.0.0",
        "webidl-conversions": "^7.0.0",
        "whatwg-encoding": "^2.0.0",
        "whatwg-mimetype": "^3.0.0",
        "whatwg-url": "^11.0.0",
        "ws": "^8.8.0",
        "xml-name-validator": "^4.0.0"
      },
      "devDependencies": {
        "@domenic/eslint-config": "^2.0.0",
        "benchmark": "^2.1.4",
        "browserify": "^17.0.0",
        "chai": "^4.3.6",
        "eslint": "^8.17.0",
        "eslint-plugin-html": "^6.2.0",
        "eslint-plugin-jsdom-internal": "link:./scripts/eslint-plugin",
        "js-yaml": "^4.1.0",
        "karma": "^6.3.20",
        "karma-browserify": "^8.1.0",
        "karma-chrome-launcher": "^3.1.1",
        "karma-mocha": "^2.0.1",
        "karma-mocha-webworker": "^1.3.0",
        "minimatch": "^5.1.0",
        "mocha": "^10.0.0",
        "mocha-sugar-free": "^1.4.0",
        "pngjs": "^6.0.0",
        "rimraf": "^3.0.2",
        "server-destroy": "^1.0.1",
        "watchify": "^4.0.0",
        "webidl2js": "^17.1.0",
        "yargs": "^17.5.1"
      },
      "engines": {
        "node": ">=14"
      },
      "peerDependencies": {
        "canvas": "^2.5.0"
      },
      "peerDependenciesMeta": {
        "canvas": {
          "optional": true
        }
      }
    },
    "../../node_modules/.pnpm/sass@1.54.1/node_modules/sass": {
      "version": "1.54.1",
      "dev": true,
      "license": "MIT",
      "dependencies": {
        "chokidar": ">=3.0.0 <4.0.0",
        "immutable": "^4.0.0",
        "source-map-js": ">=0.6.2 <2.0.0"
      },
      "bin": {
        "sass": "sass.js"
      },
      "engines": {
        "node": ">=12.0.0"
      }
    },
    "../../node_modules/.pnpm/typescript@4.7.4/node_modules/typescript": {
      "version": "4.7.4",
      "dev": true,
      "license": "Apache-2.0",
      "bin": {
        "tsc": "bin/tsc",
        "tsserver": "bin/tsserver"
      },
      "devDependencies": {
        "@octokit/rest": "latest",
        "@types/chai": "latest",
        "@types/convert-source-map": "latest",
        "@types/glob": "latest",
        "@types/gulp": "^4.0.9",
        "@types/gulp-concat": "latest",
        "@types/gulp-newer": "latest",
        "@types/gulp-rename": "0.0.33",
        "@types/gulp-sourcemaps": "0.0.32",
        "@types/merge2": "latest",
        "@types/microsoft__typescript-etw": "latest",
        "@types/minimatch": "latest",
        "@types/minimist": "latest",
        "@types/mkdirp": "latest",
        "@types/mocha": "latest",
        "@types/ms": "latest",
        "@types/node": "latest",
        "@types/node-fetch": "^2.3.4",
        "@types/q": "latest",
        "@types/source-map-support": "latest",
        "@types/xml2js": "^0.4.0",
        "@typescript-eslint/eslint-plugin": "^4.28.0",
        "@typescript-eslint/experimental-utils": "^4.28.0",
        "@typescript-eslint/parser": "^4.28.0",
        "async": "latest",
        "azure-devops-node-api": "^11.0.1",
        "chai": "latest",
        "chalk": "^4.1.2",
        "convert-source-map": "latest",
        "del": "5.1.0",
        "diff": "^4.0.2",
        "eslint": "7.12.1",
        "eslint-formatter-autolinkable-stylish": "1.1.4",
        "eslint-plugin-import": "2.22.1",
        "eslint-plugin-jsdoc": "30.7.6",
        "eslint-plugin-no-null": "1.0.2",
        "fancy-log": "latest",
        "fs-extra": "^9.0.0",
        "glob": "latest",
        "gulp": "^4.0.0",
        "gulp-concat": "latest",
        "gulp-insert": "latest",
        "gulp-newer": "latest",
        "gulp-rename": "latest",
        "gulp-sourcemaps": "latest",
        "merge2": "latest",
        "minimist": "latest",
        "mkdirp": "latest",
        "mocha": "latest",
        "mocha-fivemat-progress-reporter": "latest",
        "ms": "^2.1.3",
        "node-fetch": "^2.6.1",
        "prex": "^0.4.3",
        "q": "latest",
        "source-map-support": "latest",
        "typescript": "^4.5.5",
        "vinyl": "latest",
        "vinyl-sourcemaps-apply": "latest",
        "xml2js": "^0.4.19"
      },
      "engines": {
        "node": ">=4.2.0"
      }
    },
    "../../node_modules/.pnpm/vite-svg-loader@3.4.0/node_modules/vite-svg-loader": {
      "version": "3.4.0",
      "dev": true,
      "license": "MIT",
      "dependencies": {
        "@vue/compiler-sfc": "^3.2.20",
        "svgo": "^2.7.0"
      },
      "devDependencies": {
        "cypress": "^8.6.0",
        "standard": "^16.0.3"
      }
    },
    "../../node_modules/.pnpm/vite@3.0.4_sass@1.54.1/node_modules/vite": {
      "version": "3.0.4",
      "dev": true,
      "license": "MIT",
      "dependencies": {
        "esbuild": "^0.14.47",
        "postcss": "^8.4.14",
        "resolve": "^1.22.1",
        "rollup": "^2.75.6"
      },
      "bin": {
        "vite": "bin/vite.js"
      },
      "devDependencies": {
        "@ampproject/remapping": "^2.2.0",
        "@babel/parser": "^7.18.9",
        "@babel/types": "^7.18.9",
        "@jridgewell/trace-mapping": "^0.3.14",
        "@rollup/plugin-alias": "^3.1.9",
        "@rollup/plugin-commonjs": "^22.0.1",
        "@rollup/plugin-dynamic-import-vars": "^1.4.3",
        "@rollup/plugin-json": "^4.1.0",
        "@rollup/plugin-node-resolve": "13.3.0",
        "@rollup/plugin-typescript": "^8.3.3",
        "@rollup/pluginutils": "^4.2.1",
        "@vue/compiler-dom": "^3.2.37",
        "acorn": "^8.8.0",
        "cac": "^6.7.12",
        "chokidar": "^3.5.3",
        "connect": "^3.7.0",
        "connect-history-api-fallback": "^2.0.0",
        "convert-source-map": "^1.8.0",
        "cors": "^2.8.5",
        "cross-spawn": "^7.0.3",
        "debug": "^4.3.4",
        "dotenv": "^14.3.2",
        "dotenv-expand": "^5.1.0",
        "es-module-lexer": "^0.10.5",
        "estree-walker": "^3.0.1",
        "etag": "^1.8.1",
        "fast-glob": "^3.2.11",
        "http-proxy": "^1.18.1",
        "json5": "^2.2.1",
        "launch-editor-middleware": "^2.4.0",
        "magic-string": "^0.26.2",
        "micromatch": "^4.0.5",
        "mlly": "^0.5.5",
        "mrmime": "^1.0.1",
        "okie": "^1.0.1",
        "open": "^8.4.0",
        "periscopic": "^3.0.4",
        "picocolors": "^1.0.0",
        "postcss-import": "^14.1.0",
        "postcss-load-config": "^4.0.1",
        "postcss-modules": "^4.3.1",
        "resolve.exports": "^1.1.0",
        "rollup-plugin-license": "^2.8.1",
        "sirv": "^2.0.2",
        "source-map-js": "^1.0.2",
        "source-map-support": "^0.5.21",
        "strip-ansi": "^7.0.1",
        "strip-literal": "^0.4.0",
        "tsconfck": "^2.0.1",
        "tslib": "^2.4.0",
        "types": "link:./types",
        "ufo": "^0.8.5",
        "ws": "^8.8.1"
      },
      "engines": {
        "node": "^14.18.0 || >=16.0.0"
      },
      "optionalDependencies": {
        "fsevents": "~2.3.2"
      },
      "peerDependencies": {
        "less": "*",
        "sass": "*",
        "stylus": "*",
        "terser": "^5.4.0"
      },
      "peerDependenciesMeta": {
        "less": {
          "optional": true
        },
        "sass": {
          "optional": true
        },
        "stylus": {
          "optional": true
        },
        "terser": {
          "optional": true
        }
      }
    },
    "../../node_modules/.pnpm/vitepress-theme-demoblock@1.4.2_sass@1.54.1/node_modules/vitepress-theme-demoblock": {
      "version": "1.4.2",
      "license": "MIT",
      "dependencies": {
        "camelcase": "^6.2.0",
        "globby": "^11.0.2",
        "kolorist": "^1.5.0",
        "markdown-it": "^12.0.4",
        "minimist": "^1.2.5",
        "prettier": "^2.2.1",
        "vitepress": "^0.16.1",
        "yaml": "^2.0.0-6"
      },
      "bin": {
        "vitepress-rc": "bin/vitepress-register-components.js",
        "vitepress-register-components": "bin/vitepress-register-components.js"
      },
      "devDependencies": {
        "@types/jest": "^26.0.12",
        "@types/node": "^14.14.39",
        "@typescript-eslint/eslint-plugin": "^4.17.0",
        "@typescript-eslint/parser": "^4.17.0",
        "@yunquejs/release": "^0.1.4",
        "chalk": "^4.1.2",
        "conventional-changelog-cli": "^2.1.1",
        "element-plus": "^1.1.0-beta.24",
        "eslint": "^7.21.0",
        "eslint-config-prettier": "^8.1.0",
        "eslint-plugin-prettier": "^3.3.1",
        "eslint-plugin-vue": "^7.7.0",
        "jest": "^26.1.0",
        "less": "^4.1.2",
        "lint-staged": "^10.5.4",
        "npm-run-all": "^4.1.5",
        "ts-jest": "^26.3.0",
        "ts-node": "^9.1.1",
        "tsup": "^4.11.1",
        "typescript": "^4.2.3",
        "vue-eslint-parser": "^7.6.0",
        "yorkie": "^2.0.0"
      },
      "engines": {
        "node": ">=14.0.0"
      }
    },
    "../../node_modules/.pnpm/vitepress@1.0.0-alpha.4_sass@1.54.1/node_modules/vitepress": {
      "version": "1.0.0-alpha.4",
      "dev": true,
      "license": "MIT",
      "dependencies": {
        "@docsearch/css": "^3.0.0",
        "@docsearch/js": "^3.0.0",
        "@vitejs/plugin-vue": "^2.3.2",
        "@vue/devtools-api": "^6.1.4",
        "@vueuse/core": "^8.5.0",
        "body-scroll-lock": "^4.0.0-beta.0",
        "shiki": "^0.10.1",
        "vite": "^2.9.7",
        "vue": "^3.2.33"
      },
      "bin": {
        "vitepress": "bin/vitepress.js"
      },
      "devDependencies": {
        "@rollup/plugin-alias": "^3.1.5",
        "@rollup/plugin-commonjs": "^20.0.0",
        "@rollup/plugin-json": "^4.1.0",
        "@rollup/plugin-node-resolve": "^13.0.4",
        "@rollup/plugin-replace": "^4.0.0",
        "@types/body-scroll-lock": "^3.1.0",
        "@types/compression": "^1.7.0",
        "@types/cross-spawn": "^6.0.2",
        "@types/debug": "^4.1.7",
        "@types/fs-extra": "^9.0.11",
        "@types/koa": "^2.13.1",
        "@types/koa-static": "^4.0.1",
        "@types/lru-cache": "^5.1.0",
        "@types/markdown-it": "^12.0.1",
        "@types/micromatch": "^4.0.2",
        "@types/minimist": "^1.2.2",
        "@types/node": "^15.6.1",
        "@types/polka": "^0.5.3",
        "@types/prompts": "^2.0.14",
        "chokidar": "^3.5.1",
        "compression": "^1.7.4",
        "conventional-changelog-cli": "^2.1.1",
        "cross-spawn": "^7.0.3",
        "debug": "^4.3.2",
        "diacritics": "^1.3.0",
        "enquirer": "^2.3.6",
        "esbuild": "^0.14.0",
        "escape-html": "^1.0.3",
        "execa": "^6.1.0",
        "fast-glob": "^3.2.7",
        "fs-extra": "^10.0.0",
        "gray-matter": "^4.0.3",
        "lint-staged": "^11.0.0",
        "lru-cache": "^6.0.0",
        "markdown-it": "^12.3.2",
        "markdown-it-anchor": "^8.4.1",
        "markdown-it-attrs": "^4.1.3",
        "markdown-it-container": "^3.0.0",
        "markdown-it-emoji": "^2.0.0",
        "markdown-it-toc-done-right": "^4.2.0",
        "micromatch": "^4.0.4",
        "minimist": "^1.2.5",
        "npm-run-all": "^4.1.5",
        "ora": "^5.4.0",
        "picocolors": "^1.0.0",
        "polka": "^0.5.2",
        "prettier": "^2.3.0",
        "prompts": "^2.4.2",
        "rimraf": "^3.0.2",
        "rollup": "^2.56.3",
        "rollup-plugin-dts": "^4.2.2",
        "rollup-plugin-esbuild": "^4.8.2",
        "semver": "^7.3.5",
        "simple-git-hooks": "^2.7.0",
        "sirv": "^1.0.12",
        "supports-color": "^9.2.2",
        "typescript": "^4.7.2",
        "vitest": "^0.14.2"
      },
      "engines": {
        "node": ">=14.6.0"
      }
    },
    "../../node_modules/.pnpm/vitest@0.18.1_46bofmmttwcjv4kf5gtbmgwxna/node_modules/vitest": {
      "version": "0.18.1",
      "dev": true,
      "license": "MIT",
      "dependencies": {
        "@types/chai": "^4.3.1",
        "@types/chai-subset": "^1.3.3",
        "@types/node": "*",
        "chai": "^4.3.6",
        "debug": "^4.3.4",
        "local-pkg": "^0.4.2",
        "tinypool": "^0.2.4",
        "tinyspy": "^1.0.0",
        "vite": "^2.9.12 || ^3.0.0-0"
      },
      "bin": {
        "vitest": "vitest.mjs"
      },
      "devDependencies": {
        "@antfu/install-pkg": "^0.1.0",
        "@edge-runtime/vm": "1.1.0-beta.11",
        "@sinonjs/fake-timers": "^9.1.2",
        "@types/diff": "^5.0.2",
        "@types/jsdom": "^16.2.14",
        "@types/micromatch": "^4.0.2",
        "@types/natural-compare": "^1.4.1",
        "@types/prompts": "^2.4.0",
        "@types/sinonjs__fake-timers": "^8.1.2",
        "@vitest/ui": "0.18.1",
        "birpc": "^0.2.3",
        "c8": "^7.11.3",
        "cac": "^6.7.12",
        "chai-subset": "^1.6.0",
        "cli-truncate": "^3.1.0",
        "diff": "^5.1.0",
        "execa": "^6.1.0",
        "fast-glob": "^3.2.11",
        "find-up": "^6.3.0",
        "flatted": "^3.2.6",
        "happy-dom": "^6.0.3",
        "jsdom": "^19.0.0",
        "log-update": "^5.0.1",
        "magic-string": "^0.26.2",
        "micromatch": "^4.0.5",
        "mlly": "^0.5.4",
        "natural-compare": "^1.4.0",
        "p-limit": "^4.0.0",
        "pathe": "^0.2.0",
        "picocolors": "^1.0.0",
        "pkg-types": "^0.3.3",
        "pretty-format": "^27.5.1",
        "prompts": "^2.4.2",
        "rollup": "^2.77.0",
        "source-map-js": "^1.0.2",
        "strip-ansi": "^7.0.1",
        "typescript": "^4.7.4",
        "vite-node": "0.18.1",
        "ws": "^8.8.1"
      },
      "engines": {
        "node": ">=v14.16.0"
      },
      "funding": {
        "url": "https://github.com/sponsors/antfu"
      },
      "peerDependencies": {
        "@edge-runtime/vm": "*",
        "@vitest/ui": "*",
        "c8": "*",
        "happy-dom": "*",
        "jsdom": "*"
      },
      "peerDependenciesMeta": {
        "@edge-runtime/vm": {
          "optional": true
        },
        "@vitest/ui": {
          "optional": true
        },
        "c8": {
          "optional": true
        },
        "happy-dom": {
          "optional": true
        },
        "jsdom": {
          "optional": true
        }
      }
    },
    "../../node_modules/.pnpm/vue-tsc@0.38.9_typescript@4.7.4/node_modules/vue-tsc": {
      "version": "0.38.9",
      "dev": true,
      "license": "MIT",
      "dependencies": {
        "@volar/vue-typescript": "0.38.9"
      },
      "bin": {
        "vue-tsc": "bin/vue-tsc.js"
      },
      "peerDependencies": {
        "typescript": "*"
      }
    },
    "../../node_modules/.pnpm/vue@3.2.37/node_modules/vue": {
      "version": "3.2.37",
      "license": "MIT",
      "dependencies": {
        "@vue/compiler-dom": "3.2.37",
        "@vue/compiler-sfc": "3.2.37",
        "@vue/runtime-dom": "3.2.37",
        "@vue/server-renderer": "3.2.37",
        "@vue/shared": "3.2.37"
      }
    },
    "node_modules/@types/node": {
      "version": "18.6.3",
      "resolved": "https://registry.npmjs.org/@types/node/-/node-18.6.3.tgz",
      "integrity": "sha512-6qKpDtoaYLM+5+AFChLhHermMQxc3TOEFIDzrZLPRGHPrLEwqFkkT5Kx3ju05g6X7uDPazz3jHbKPX0KzCjntg==",
      "dev": true
    },
    "node_modules/@vitejs/plugin-vue": {
      "resolved": "../../node_modules/.pnpm/@vitejs+plugin-vue@3.0.1_vite@3.0.4+vue@3.2.37/node_modules/@vitejs/plugin-vue",
      "link": true
    },
    "node_modules/@vitejs/plugin-vue-jsx": {
      "resolved": "../../node_modules/.pnpm/@vitejs+plugin-vue-jsx@2.0.0_vite@3.0.4+vue@3.2.37/node_modules/@vitejs/plugin-vue-jsx",
      "link": true
    },
    "node_modules/@vue/test-utils": {
      "resolved": "../../node_modules/.pnpm/@vue+test-utils@2.0.2_vue@3.2.37/node_modules/@vue/test-utils",
      "link": true
    },
    "node_modules/c8": {
      "resolved": "../../node_modules/.pnpm/c8@7.12.0/node_modules/c8",
      "link": true
    },
    "node_modules/jsdom": {
      "resolved": "../../node_modules/.pnpm/jsdom@20.0.0/node_modules/jsdom",
      "link": true
    },
    "node_modules/sass": {
      "resolved": "../../node_modules/.pnpm/sass@1.54.1/node_modules/sass",
      "link": true
    },
    "node_modules/typescript": {
      "resolved": "../../node_modules/.pnpm/typescript@4.7.4/node_modules/typescript",
      "link": true
    },
    "node_modules/vite": {
      "resolved": "../../node_modules/.pnpm/vite@3.0.4_sass@1.54.1/node_modules/vite",
      "link": true
    },
    "node_modules/vite-svg-loader": {
      "resolved": "../../node_modules/.pnpm/vite-svg-loader@3.4.0/node_modules/vite-svg-loader",
      "link": true
    },
    "node_modules/vitepress": {
      "resolved": "../../node_modules/.pnpm/vitepress@1.0.0-alpha.4_sass@1.54.1/node_modules/vitepress",
      "link": true
    },
    "node_modules/vitepress-theme-demoblock": {
      "resolved": "../../node_modules/.pnpm/vitepress-theme-demoblock@1.4.2_sass@1.54.1/node_modules/vitepress-theme-demoblock",
      "link": true
    },
    "node_modules/vitest": {
      "resolved": "../../node_modules/.pnpm/vitest@0.18.1_46bofmmttwcjv4kf5gtbmgwxna/node_modules/vitest",
      "link": true
    },
    "node_modules/vue": {
      "resolved": "../../node_modules/.pnpm/vue@3.2.37/node_modules/vue",
      "link": true
    },
    "node_modules/vue-tsc": {
      "resolved": "../../node_modules/.pnpm/vue-tsc@0.38.9_typescript@4.7.4/node_modules/vue-tsc",
      "link": true
    }
  },
  "dependencies": {
    "@types/node": {
      "version": "18.6.3",
      "resolved": "https://registry.npmjs.org/@types/node/-/node-18.6.3.tgz",
      "integrity": "sha512-6qKpDtoaYLM+5+AFChLhHermMQxc3TOEFIDzrZLPRGHPrLEwqFkkT5Kx3ju05g6X7uDPazz3jHbKPX0KzCjntg==",
      "dev": true
    },
    "@vitejs/plugin-vue": {
      "version": "file:../../node_modules/.pnpm/@vitejs+plugin-vue@3.0.1_vite@3.0.4+vue@3.2.37/node_modules/@vitejs/plugin-vue",
      "requires": {
        "@jridgewell/gen-mapping": "^0.3.2",
        "@jridgewell/trace-mapping": "^0.3.14",
        "debug": "^4.3.4",
        "rollup": "^2.75.6",
        "slash": "^4.0.0",
        "source-map": "^0.6.1",
        "vite": "workspace:*",
        "vue": "^3.2.37"
      }
    },
    "@vitejs/plugin-vue-jsx": {
      "version": "file:../../node_modules/.pnpm/@vitejs+plugin-vue-jsx@2.0.0_vite@3.0.4+vue@3.2.37/node_modules/@vitejs/plugin-vue-jsx",
      "requires": {
        "@babel/core": "^7.18.6",
        "@babel/plugin-syntax-import-meta": "^7.10.4",
        "@babel/plugin-transform-typescript": "^7.18.8",
        "@vue/babel-plugin-jsx": "^1.1.1",
        "vite": "workspace:*"
      }
    },
    "@vue/test-utils": {
      "version": "file:../../node_modules/.pnpm/@vue+test-utils@2.0.2_vue@3.2.37/node_modules/@vue/test-utils",
      "requires": {
        "@babel/core": "7.18.6",
        "@babel/preset-env": "7.18.6",
        "@babel/types": "7.18.6",
        "@rollup/plugin-commonjs": "^22.0.1",
        "@rollup/plugin-json": "^4.1.0",
        "@rollup/plugin-node-resolve": "^13.3.0",
        "@rollup/plugin-replace": "^4.0.0",
        "@types/jest": "27.5.0",
        "@types/node": "18.0.0",
        "@types/pretty": "^2.0.1",
        "@typescript-eslint/eslint-plugin": "^5.30.3",
        "@typescript-eslint/parser": "^5.30.3",
        "@vue/babel-plugin-jsx": "^1.1.1",
        "@vue/compat": "3.2.37",
        "@vue/compiler-dom": "3.2.37",
        "@vue/compiler-sfc": "3.2.37",
        "@vue/vue3-jest": "27.0.0-alpha.4",
        "babel-jest": "27.5.1",
        "babel-preset-jest": "28.1.1",
        "eslint": "^8.18.0",
        "eslint-config-prettier": "^8.5.0",
        "eslint-plugin-prettier": "4.2.1",
        "husky": "^8.0.1",
        "jest": "27.5.1",
        "jsdom": "^20.0.0",
        "jsdom-global": "^3.0.2",
        "lint-staged": "^13.0.3",
        "prettier": "^2.7.1",
        "pretty": "^2.0.0",
        "reflect-metadata": "^0.1.13",
        "rollup": "^2.75.7",
        "rollup-plugin-typescript2": "^0.32.1",
        "ts-jest": "27.1.5",
        "tslib": "2.4.0",
        "typescript": "4.7.4",
        "vitepress": "^0.22.4",
        "vue": "3.2.37",
        "vue-class-component": "^8.0.0-rc.1",
        "vue-jest": "^5.0.0-alpha.10",
        "vue-router": "^4.0.16",
        "vue-tsc": "0.38.2",
        "vuex": "^4.0.2"
      }
    },
    "c8": {
      "version": "file:../../node_modules/.pnpm/c8@7.12.0/node_modules/c8",
      "requires": {
        "@bcoe/v8-coverage": "^0.2.3",
        "@istanbuljs/schema": "^0.1.3",
        "@types/node": "^17.0.23",
        "chai": "^4.3.6",
        "chai-jest-snapshot": "^2.0.0",
        "cross-env": "^7.0.3",
        "find-up": "^5.0.0",
        "foreground-child": "^2.0.0",
        "istanbul-lib-coverage": "^3.2.0",
        "istanbul-lib-report": "^3.0.0",
        "istanbul-reports": "^3.1.4",
        "mocha": "^9.2.2",
        "rimraf": "^3.0.2",
        "standard": "^16.0.4",
        "test-exclude": "^6.0.0",
        "ts-node": "^10.7.0",
        "typescript": "^4.6.2",
        "v8-to-istanbul": "^9.0.0",
        "yargs": "^16.2.0",
        "yargs-parser": "^20.2.9"
      }
    },
    "jsdom": {
      "version": "file:../../node_modules/.pnpm/jsdom@20.0.0/node_modules/jsdom",
      "requires": {
        "@domenic/eslint-config": "^2.0.0",
        "abab": "^2.0.6",
        "acorn": "^8.7.1",
        "acorn-globals": "^6.0.0",
        "benchmark": "^2.1.4",
        "browserify": "^17.0.0",
        "chai": "^4.3.6",
        "cssom": "^0.5.0",
        "cssstyle": "^2.3.0",
        "data-urls": "^3.0.2",
        "decimal.js": "^10.3.1",
        "domexception": "^4.0.0",
        "escodegen": "^2.0.0",
        "eslint": "^8.17.0",
        "eslint-plugin-html": "^6.2.0",
        "eslint-plugin-jsdom-internal": "link:./scripts/eslint-plugin",
        "form-data": "^4.0.0",
        "html-encoding-sniffer": "^3.0.0",
        "http-proxy-agent": "^5.0.0",
        "https-proxy-agent": "^5.0.1",
        "is-potential-custom-element-name": "^1.0.1",
        "js-yaml": "^4.1.0",
        "karma": "^6.3.20",
        "karma-browserify": "^8.1.0",
        "karma-chrome-launcher": "^3.1.1",
        "karma-mocha": "^2.0.1",
        "karma-mocha-webworker": "^1.3.0",
        "minimatch": "^5.1.0",
        "mocha": "^10.0.0",
        "mocha-sugar-free": "^1.4.0",
        "nwsapi": "^2.2.0",
        "parse5": "^7.0.0",
        "pngjs": "^6.0.0",
        "rimraf": "^3.0.2",
        "saxes": "^6.0.0",
        "server-destroy": "^1.0.1",
        "symbol-tree": "^3.2.4",
        "tough-cookie": "^4.0.0",
        "w3c-hr-time": "^1.0.2",
        "w3c-xmlserializer": "^3.0.0",
        "watchify": "^4.0.0",
        "webidl-conversions": "^7.0.0",
        "webidl2js": "^17.1.0",
        "whatwg-encoding": "^2.0.0",
        "whatwg-mimetype": "^3.0.0",
        "whatwg-url": "^11.0.0",
        "ws": "^8.8.0",
        "xml-name-validator": "^4.0.0",
        "yargs": "^17.5.1"
      }
    },
    "sass": {
      "version": "file:../../node_modules/.pnpm/sass@1.54.1/node_modules/sass",
      "requires": {
        "chokidar": ">=3.0.0 <4.0.0",
        "immutable": "^4.0.0",
        "source-map-js": ">=0.6.2 <2.0.0"
      }
    },
    "typescript": {
      "version": "file:../../node_modules/.pnpm/typescript@4.7.4/node_modules/typescript",
      "requires": {
        "@octokit/rest": "latest",
        "@types/chai": "latest",
        "@types/convert-source-map": "latest",
        "@types/glob": "latest",
        "@types/gulp": "^4.0.9",
        "@types/gulp-concat": "latest",
        "@types/gulp-newer": "latest",
        "@types/gulp-rename": "0.0.33",
        "@types/gulp-sourcemaps": "0.0.32",
        "@types/merge2": "latest",
        "@types/microsoft__typescript-etw": "latest",
        "@types/minimatch": "latest",
        "@types/minimist": "latest",
        "@types/mkdirp": "latest",
        "@types/mocha": "latest",
        "@types/ms": "latest",
        "@types/node": "latest",
        "@types/node-fetch": "^2.3.4",
        "@types/q": "latest",
        "@types/source-map-support": "latest",
        "@types/xml2js": "^0.4.0",
        "@typescript-eslint/eslint-plugin": "^4.28.0",
        "@typescript-eslint/experimental-utils": "^4.28.0",
        "@typescript-eslint/parser": "^4.28.0",
        "async": "latest",
        "azure-devops-node-api": "^11.0.1",
        "chai": "latest",
        "chalk": "^4.1.2",
        "convert-source-map": "latest",
        "del": "5.1.0",
        "diff": "^4.0.2",
        "eslint": "7.12.1",
        "eslint-formatter-autolinkable-stylish": "1.1.4",
        "eslint-plugin-import": "2.22.1",
        "eslint-plugin-jsdoc": "30.7.6",
        "eslint-plugin-no-null": "1.0.2",
        "fancy-log": "latest",
        "fs-extra": "^9.0.0",
        "glob": "latest",
        "gulp": "^4.0.0",
        "gulp-concat": "latest",
        "gulp-insert": "latest",
        "gulp-newer": "latest",
        "gulp-rename": "latest",
        "gulp-sourcemaps": "latest",
        "merge2": "latest",
        "minimist": "latest",
        "mkdirp": "latest",
        "mocha": "latest",
        "mocha-fivemat-progress-reporter": "latest",
        "ms": "^2.1.3",
        "node-fetch": "^2.6.1",
        "prex": "^0.4.3",
        "q": "latest",
        "source-map-support": "latest",
        "typescript": "^4.5.5",
        "vinyl": "latest",
        "vinyl-sourcemaps-apply": "latest",
        "xml2js": "^0.4.19"
      }
    },
    "vite": {
      "version": "file:../../node_modules/.pnpm/vite@3.0.4_sass@1.54.1/node_modules/vite",
      "requires": {
        "@ampproject/remapping": "^2.2.0",
        "@babel/parser": "^7.18.9",
        "@babel/types": "^7.18.9",
        "@jridgewell/trace-mapping": "^0.3.14",
        "@rollup/plugin-alias": "^3.1.9",
        "@rollup/plugin-commonjs": "^22.0.1",
        "@rollup/plugin-dynamic-import-vars": "^1.4.3",
        "@rollup/plugin-json": "^4.1.0",
        "@rollup/plugin-node-resolve": "13.3.0",
        "@rollup/plugin-typescript": "^8.3.3",
        "@rollup/pluginutils": "^4.2.1",
        "@vue/compiler-dom": "^3.2.37",
        "acorn": "^8.8.0",
        "cac": "^6.7.12",
        "chokidar": "^3.5.3",
        "connect": "^3.7.0",
        "connect-history-api-fallback": "^2.0.0",
        "convert-source-map": "^1.8.0",
        "cors": "^2.8.5",
        "cross-spawn": "^7.0.3",
        "debug": "^4.3.4",
        "dotenv": "^14.3.2",
        "dotenv-expand": "^5.1.0",
        "es-module-lexer": "^0.10.5",
        "esbuild": "^0.14.47",
        "estree-walker": "^3.0.1",
        "etag": "^1.8.1",
        "fast-glob": "^3.2.11",
        "fsevents": "~2.3.2",
        "http-proxy": "^1.18.1",
        "json5": "^2.2.1",
        "launch-editor-middleware": "^2.4.0",
        "magic-string": "^0.26.2",
        "micromatch": "^4.0.5",
        "mlly": "^0.5.5",
        "mrmime": "^1.0.1",
        "okie": "^1.0.1",
        "open": "^8.4.0",
        "periscopic": "^3.0.4",
        "picocolors": "^1.0.0",
        "postcss": "^8.4.14",
        "postcss-import": "^14.1.0",
        "postcss-load-config": "^4.0.1",
        "postcss-modules": "^4.3.1",
        "resolve": "^1.22.1",
        "resolve.exports": "^1.1.0",
        "rollup": "^2.75.6",
        "rollup-plugin-license": "^2.8.1",
        "sirv": "^2.0.2",
        "source-map-js": "^1.0.2",
        "source-map-support": "^0.5.21",
        "strip-ansi": "^7.0.1",
        "strip-literal": "^0.4.0",
        "tsconfck": "^2.0.1",
        "tslib": "^2.4.0",
        "types": "link:./types",
        "ufo": "^0.8.5",
        "ws": "^8.8.1"
      }
    },
    "vite-svg-loader": {
      "version": "file:../../node_modules/.pnpm/vite-svg-loader@3.4.0/node_modules/vite-svg-loader",
      "requires": {
        "@vue/compiler-sfc": "^3.2.20",
        "cypress": "^8.6.0",
        "standard": "^16.0.3",
        "svgo": "^2.7.0"
      }
    },
    "vitepress": {
      "version": "file:../../node_modules/.pnpm/vitepress@1.0.0-alpha.4_sass@1.54.1/node_modules/vitepress",
      "requires": {
        "@docsearch/css": "^3.0.0",
        "@docsearch/js": "^3.0.0",
        "@rollup/plugin-alias": "^3.1.5",
        "@rollup/plugin-commonjs": "^20.0.0",
        "@rollup/plugin-json": "^4.1.0",
        "@rollup/plugin-node-resolve": "^13.0.4",
        "@rollup/plugin-replace": "^4.0.0",
        "@types/body-scroll-lock": "^3.1.0",
        "@types/compression": "^1.7.0",
        "@types/cross-spawn": "^6.0.2",
        "@types/debug": "^4.1.7",
        "@types/fs-extra": "^9.0.11",
        "@types/koa": "^2.13.1",
        "@types/koa-static": "^4.0.1",
        "@types/lru-cache": "^5.1.0",
        "@types/markdown-it": "^12.0.1",
        "@types/micromatch": "^4.0.2",
        "@types/minimist": "^1.2.2",
        "@types/node": "^15.6.1",
        "@types/polka": "^0.5.3",
        "@types/prompts": "^2.0.14",
        "@vitejs/plugin-vue": "^2.3.2",
        "@vue/devtools-api": "^6.1.4",
        "@vueuse/core": "^8.5.0",
        "body-scroll-lock": "^4.0.0-beta.0",
        "chokidar": "^3.5.1",
        "compression": "^1.7.4",
        "conventional-changelog-cli": "^2.1.1",
        "cross-spawn": "^7.0.3",
        "debug": "^4.3.2",
        "diacritics": "^1.3.0",
        "enquirer": "^2.3.6",
        "esbuild": "^0.14.0",
        "escape-html": "^1.0.3",
        "execa": "^6.1.0",
        "fast-glob": "^3.2.7",
        "fs-extra": "^10.0.0",
        "gray-matter": "^4.0.3",
        "lint-staged": "^11.0.0",
        "lru-cache": "^6.0.0",
        "markdown-it": "^12.3.2",
        "markdown-it-anchor": "^8.4.1",
        "markdown-it-attrs": "^4.1.3",
        "markdown-it-container": "^3.0.0",
        "markdown-it-emoji": "^2.0.0",
        "markdown-it-toc-done-right": "^4.2.0",
        "micromatch": "^4.0.4",
        "minimist": "^1.2.5",
        "npm-run-all": "^4.1.5",
        "ora": "^5.4.0",
        "picocolors": "^1.0.0",
        "polka": "^0.5.2",
        "prettier": "^2.3.0",
        "prompts": "^2.4.2",
        "rimraf": "^3.0.2",
        "rollup": "^2.56.3",
        "rollup-plugin-dts": "^4.2.2",
        "rollup-plugin-esbuild": "^4.8.2",
        "semver": "^7.3.5",
        "shiki": "^0.10.1",
        "simple-git-hooks": "^2.7.0",
        "sirv": "^1.0.12",
        "supports-color": "^9.2.2",
        "typescript": "^4.7.2",
        "vite": "^2.9.7",
        "vitest": "^0.14.2",
        "vue": "^3.2.33"
      }
    },
    "vitepress-theme-demoblock": {
      "version": "file:../../node_modules/.pnpm/vitepress-theme-demoblock@1.4.2_sass@1.54.1/node_modules/vitepress-theme-demoblock",
      "requires": {
        "@types/jest": "^26.0.12",
        "@types/node": "^14.14.39",
        "@typescript-eslint/eslint-plugin": "^4.17.0",
        "@typescript-eslint/parser": "^4.17.0",
        "@yunquejs/release": "^0.1.4",
        "camelcase": "^6.2.0",
        "chalk": "^4.1.2",
        "conventional-changelog-cli": "^2.1.1",
        "element-plus": "^1.1.0-beta.24",
        "eslint": "^7.21.0",
        "eslint-config-prettier": "^8.1.0",
        "eslint-plugin-prettier": "^3.3.1",
        "eslint-plugin-vue": "^7.7.0",
        "globby": "^11.0.2",
        "jest": "^26.1.0",
        "kolorist": "^1.5.0",
        "less": "^4.1.2",
        "lint-staged": "^10.5.4",
        "markdown-it": "^12.0.4",
        "minimist": "^1.2.5",
        "npm-run-all": "^4.1.5",
        "prettier": "^2.2.1",
        "ts-jest": "^26.3.0",
        "ts-node": "^9.1.1",
        "tsup": "^4.11.1",
        "typescript": "^4.2.3",
        "vitepress": "^0.16.1",
        "vue-eslint-parser": "^7.6.0",
        "yaml": "^2.0.0-6",
        "yorkie": "^2.0.0"
      }
    },
    "vitest": {
      "version": "file:../../node_modules/.pnpm/vitest@0.18.1_46bofmmttwcjv4kf5gtbmgwxna/node_modules/vitest",
      "requires": {
        "@antfu/install-pkg": "^0.1.0",
        "@edge-runtime/vm": "1.1.0-beta.11",
        "@sinonjs/fake-timers": "^9.1.2",
        "@types/chai": "^4.3.1",
        "@types/chai-subset": "^1.3.3",
        "@types/diff": "^5.0.2",
        "@types/jsdom": "^16.2.14",
        "@types/micromatch": "^4.0.2",
        "@types/natural-compare": "^1.4.1",
        "@types/node": "*",
        "@types/prompts": "^2.4.0",
        "@types/sinonjs__fake-timers": "^8.1.2",
        "@vitest/ui": "0.18.1",
        "birpc": "^0.2.3",
        "c8": "^7.11.3",
        "cac": "^6.7.12",
        "chai": "^4.3.6",
        "chai-subset": "^1.6.0",
        "cli-truncate": "^3.1.0",
        "debug": "^4.3.4",
        "diff": "^5.1.0",
        "execa": "^6.1.0",
        "fast-glob": "^3.2.11",
        "find-up": "^6.3.0",
        "flatted": "^3.2.6",
        "happy-dom": "^6.0.3",
        "jsdom": "^19.0.0",
        "local-pkg": "^0.4.2",
        "log-update": "^5.0.1",
        "magic-string": "^0.26.2",
        "micromatch": "^4.0.5",
        "mlly": "^0.5.4",
        "natural-compare": "^1.4.0",
        "p-limit": "^4.0.0",
        "pathe": "^0.2.0",
        "picocolors": "^1.0.0",
        "pkg-types": "^0.3.3",
        "pretty-format": "^27.5.1",
        "prompts": "^2.4.2",
        "rollup": "^2.77.0",
        "source-map-js": "^1.0.2",
        "strip-ansi": "^7.0.1",
        "tinypool": "^0.2.4",
        "tinyspy": "^1.0.0",
        "typescript": "^4.7.4",
        "vite": "^2.9.12 || ^3.0.0-0",
        "vite-node": "0.18.1",
        "ws": "^8.8.1"
      }
    },
    "vue": {
      "version": "file:../../node_modules/.pnpm/vue@3.2.37/node_modules/vue",
      "requires": {
        "@vue/compiler-dom": "3.2.37",
        "@vue/compiler-sfc": "3.2.37",
        "@vue/runtime-dom": "3.2.37",
        "@vue/server-renderer": "3.2.37",
        "@vue/shared": "3.2.37"
      }
    },
    "vue-tsc": {
      "version": "file:../../node_modules/.pnpm/vue-tsc@0.38.9_typescript@4.7.4/node_modules/vue-tsc",
      "requires": {
        "@volar/vue-typescript": "0.38.9"
      }
    }
  }
}
